
Microsoft Visual Studio Solution File, Format Version 12.00
# Visual Studio Version 17
VisualStudioVersion = 17.7.34031.279
MinimumVisualStudioVersion = 10.0.40219.1
Project("{F2A71F9B-5D33-465A-A702-920D77279786}") = "Machine Learning Instance", "Machine Learning Instance\Machine Learning Instance.fsproj", "{0998C6F5-BB23-40CC-B0C4-6E68A20C8526}"
EndProject
Global
	GlobalSection(SolutionConfigurationPlatforms) = preSolution
		Debug|Any CPU = Debug|Any CPU
		Release|Any CPU = Release|Any CPU
	EndGlobalSection
	GlobalSection(ProjectConfigurationPlatforms) = postSolution
		{0998C6F5-BB23-40CC-B0C4-6E68A20C8526}.Debug|Any CPU.ActiveCfg = Debug|Any CPU
		{0998C6F5-BB23-40CC-B0C4-6E68A20C8526}.Debug|Any CPU.Build.0 = Debug|Any CPU
		{0998C6F5-BB23-40CC-B0C4-6E68A20C8526}.Release|Any CPU.ActiveCfg = Release|Any CPU
		{0998C6F5-BB23-40CC-B0C4-6E68A20C8526}.Release|Any CPU.Build.0 = Release|Any CPU
	EndGlobalSection
	GlobalSection(SolutionProperties) = preSolution
		HideSolutionNode = FALSE
	EndGlobalSection
	GlobalSection(ExtensibilityGlobals) = postSolution
		SolutionGuid = {ED535344-92F6-4538-BBD0-D178F5C0ED08}
	EndGlobalSection
EndGlobal
